
Microsoft Visual Studio Solution File, Format Version 12.00
# Visual Studio 15
Project("{FAE04EC0-301F-11D3-BF4B-00C04F79EFBC}") = "Assembly-CSharp", "Assembly-CSharp.csproj", "{78DEED4D-CB93-A29C-21AB-498C0A7B3445}"
EndProject
Project("{FAE04EC0-301F-11D3-BF4B-00C04F79EFBC}") = "Assembly-CSharp-Editor", "Assembly-CSharp-Editor.csproj", "{19505F59-1C14-0C3A-FA73-8A60BF902760}"
EndProject
Global
	GlobalSection(SolutionConfigurationPlatforms) = preSolution
		Debug|Any CPU = Debug|Any CPU
		Release|Any CPU = Release|Any CPU
	EndGlobalSection
	GlobalSection(ProjectConfigurationPlatforms) = postSolution
		{78DEED4D-CB93-A29C-21AB-498C0A7B3445}.Debug|Any CPU.ActiveCfg = Debug|Any CPU
		{78DEED4D-CB93-A29C-21AB-498C0A7B3445}.Debug|Any CPU.Build.0 = Debug|Any CPU
		{78DEED4D-CB93-A29C-21AB-498C0A7B3445}.Release|Any CPU.ActiveCfg = Release|Any CPU
		{78DEED4D-CB93-A29C-21AB-498C0A7B3445}.Release|Any CPU.Build.0 = Release|Any CPU
		{19505F59-1C14-0C3A-FA73-8A60BF902760}.Debug|Any CPU.ActiveCfg = Debug|Any CPU
		{19505F59-1C14-0C3A-FA73-8A60BF902760}.Debug|Any CPU.Build.0 = Debug|Any CPU
		{19505F59-1C14-0C3A-FA73-8A60BF902760}.Release|Any CPU.ActiveCfg = Release|Any CPU
		{19505F59-1C14-0C3A-FA73-8A60BF902760}.Release|Any CPU.Build.0 = Release|Any CPU
	EndGlobalSection
	GlobalSection(SolutionProperties) = preSolution
		HideSolutionNode = FALSE
	EndGlobalSection
EndGlobal
